github.com/yuin/goldmark v1.7.16 h1:n+CJdUxaFMiDUNnWC3dMWCIQJSkxH4uz3ZwQBkAlVNE=
github.com/yuin/goldmark v1.7.16/go.mod h1:ip/1k0VRfGynBgxOz0yCqHrbZXhcjxyuS66Brc7iBKg=
go.abhg.dev/goldmark/mermaid v0.6.0 h1:VvkYFWuOjD6cmSBVJpLAtzpVCGM1h0B7/DQ9IzERwzY=
go.abhg.dev/goldmark/mermaid v0.6.0/go.mod h1:uMc+PcnIH2NVL7zjH10Q1wr7hL3+4n4jUMifhyBYB9I=
